
Microsoft Visual Studio Solution File, Format Version 12.00
# Visual Studio Version 16
VisualStudioVersion = 16.0.31624.102
MinimumVisualStudioVersion = 10.0.40219.1
Project("{FAE04EC0-301F-11D3-BF4B-00C04F79EFBC}") = "AresCoreMessages", "AresCoreMessages.csproj", "{F75B57BA-454D-48EE-8F50-5E2463621F36}"
EndProject
Global
	GlobalSection(SolutionConfigurationPlatforms) = preSolution
		Debug|Any CPU = Debug|Any CPU
		Release|Any CPU = Release|Any CPU
	EndGlobalSection
	GlobalSection(ProjectConfigurationPlatforms) = postSolution
		{F75B57BA-454D-48EE-8F50-5E2463621F36}.Debug|Any CPU.ActiveCfg = Debug|Any CPU
		{F75B57BA-454D-48EE-8F50-5E2463621F36}.Debug|Any CPU.Build.0 = Debug|Any CPU
		{F75B57BA-454D-48EE-8F50-5E2463621F36}.Release|Any CPU.ActiveCfg = Release|Any CPU
		{F75B57BA-454D-48EE-8F50-5E2463621F36}.Release|Any CPU.Build.0 = Release|Any CPU
	EndGlobalSection
	GlobalSection(SolutionProperties) = preSolution
		HideSolutionNode = FALSE
	EndGlobalSection
	GlobalSection(ExtensibilityGlobals) = postSolution
		SolutionGuid = {CB9BD750-9FB9-4BC8-8629-BAA5D4413542}
	EndGlobalSection
EndGlobal
