
Microsoft Visual Studio Solution File, Format Version 12.00
# Visual Studio Version 16
VisualStudioVersion = 16.0.31624.102
MinimumVisualStudioVersion = 10.0.40219.1
Project("{9A19103F-16F7-4668-BE54-9A1E7A4F7556}") = "AresLib", "AresLib\AresLib.csproj", "{7EEBF1E0-6127-4811-B65A-B6D0D1DF2AFE}"
EndProject
Project("{9A19103F-16F7-4668-BE54-9A1E7A4F7556}") = "AresLibTests", "AresLibTests\AresLibTests.csproj", "{5A62A7D6-97B3-4791-8392-166D14541395}"
EndProject
Project("{9A19103F-16F7-4668-BE54-9A1E7A4F7556}") = "AresDevicePluginBase", "AresDevicePluginBase\AresDevicePluginBase\AresDevicePluginBase.csproj", "{EEA53524-EF87-43CE-A509-52CE8990DA43}"
EndProject
Project("{9A19103F-16F7-4668-BE54-9A1E7A4F7556}") = "AresSerial", "AresSerial\AresSerial\AresSerial.csproj", "{ED748563-40DE-47D7-860D-C40A4411521A}"
EndProject
Project("{9A19103F-16F7-4668-BE54-9A1E7A4F7556}") = "AresCoreMessaging", "AresCoreMessaging\AresCoreMessaging.csproj", "{067CD71C-FC38-47ED-936D-E67D010CB290}"
EndProject
Project("{FAE04EC0-301F-11D3-BF4B-00C04F79EFBC}") = "AresLibRpcCoreServices", "AresLibGrpcServices\AresLibRpcCoreServices.csproj", "{0A9D2B7C-3F09-486B-A3BA-F899C44191DC}"
EndProject
Global
	GlobalSection(SolutionConfigurationPlatforms) = preSolution
		Debug|Any CPU = Debug|Any CPU
		Release|Any CPU = Release|Any CPU
	EndGlobalSection
	GlobalSection(ProjectConfigurationPlatforms) = postSolution
		{7EEBF1E0-6127-4811-B65A-B6D0D1DF2AFE}.Debug|Any CPU.ActiveCfg = Debug|Any CPU
		{7EEBF1E0-6127-4811-B65A-B6D0D1DF2AFE}.Debug|Any CPU.Build.0 = Debug|Any CPU
		{7EEBF1E0-6127-4811-B65A-B6D0D1DF2AFE}.Release|Any CPU.ActiveCfg = Release|Any CPU
		{7EEBF1E0-6127-4811-B65A-B6D0D1DF2AFE}.Release|Any CPU.Build.0 = Release|Any CPU
		{5A62A7D6-97B3-4791-8392-166D14541395}.Debug|Any CPU.ActiveCfg = Debug|Any CPU
		{5A62A7D6-97B3-4791-8392-166D14541395}.Debug|Any CPU.Build.0 = Debug|Any CPU
		{5A62A7D6-97B3-4791-8392-166D14541395}.Release|Any CPU.ActiveCfg = Release|Any CPU
		{5A62A7D6-97B3-4791-8392-166D14541395}.Release|Any CPU.Build.0 = Release|Any CPU
		{EEA53524-EF87-43CE-A509-52CE8990DA43}.Debug|Any CPU.ActiveCfg = Debug|Any CPU
		{EEA53524-EF87-43CE-A509-52CE8990DA43}.Debug|Any CPU.Build.0 = Debug|Any CPU
		{EEA53524-EF87-43CE-A509-52CE8990DA43}.Release|Any CPU.ActiveCfg = Release|Any CPU
		{EEA53524-EF87-43CE-A509-52CE8990DA43}.Release|Any CPU.Build.0 = Release|Any CPU
		{ED748563-40DE-47D7-860D-C40A4411521A}.Debug|Any CPU.ActiveCfg = Debug|Any CPU
		{ED748563-40DE-47D7-860D-C40A4411521A}.Debug|Any CPU.Build.0 = Debug|Any CPU
		{ED748563-40DE-47D7-860D-C40A4411521A}.Release|Any CPU.ActiveCfg = Release|Any CPU
		{ED748563-40DE-47D7-860D-C40A4411521A}.Release|Any CPU.Build.0 = Release|Any CPU
		{067CD71C-FC38-47ED-936D-E67D010CB290}.Debug|Any CPU.ActiveCfg = Debug|Any CPU
		{067CD71C-FC38-47ED-936D-E67D010CB290}.Debug|Any CPU.Build.0 = Debug|Any CPU
		{067CD71C-FC38-47ED-936D-E67D010CB290}.Release|Any CPU.ActiveCfg = Release|Any CPU
		{067CD71C-FC38-47ED-936D-E67D010CB290}.Release|Any CPU.Build.0 = Release|Any CPU
		{0A9D2B7C-3F09-486B-A3BA-F899C44191DC}.Debug|Any CPU.ActiveCfg = Debug|Any CPU
		{0A9D2B7C-3F09-486B-A3BA-F899C44191DC}.Debug|Any CPU.Build.0 = Debug|Any CPU
		{0A9D2B7C-3F09-486B-A3BA-F899C44191DC}.Release|Any CPU.ActiveCfg = Release|Any CPU
		{0A9D2B7C-3F09-486B-A3BA-F899C44191DC}.Release|Any CPU.Build.0 = Release|Any CPU
	EndGlobalSection
	GlobalSection(SolutionProperties) = preSolution
		HideSolutionNode = FALSE
	EndGlobalSection
	GlobalSection(ExtensibilityGlobals) = postSolution
		SolutionGuid = {6C78A1A0-F1C1-47DE-981A-82EAE65F4FB2}
	EndGlobalSection
EndGlobal
