
Microsoft Visual Studio Solution File, Format Version 12.00
# Visual Studio Version 17
VisualStudioVersion = 17.0.32014.148
MinimumVisualStudioVersion = 10.0.40219.1
Project("{9A19103F-16F7-4668-BE54-9A1E7A4F7556}") = "Ares.AutomationBuilding", "Ares.AutomationBuilding\Ares.AutomationBuilding.csproj", "{7EEBF1E0-6127-4811-B65A-B6D0D1DF2AFE}"
EndProject
Project("{9A19103F-16F7-4668-BE54-9A1E7A4F7556}") = "Ares.Device", "Ares.Device\AresDevicePluginBase\Ares.Device.csproj", "{EEA53524-EF87-43CE-A509-52CE8990DA43}"
EndProject
Project("{9A19103F-16F7-4668-BE54-9A1E7A4F7556}") = "Ares.Device.Serial", "Ares.Device.Serial\AresSerial\Ares.Device.Serial.csproj", "{ED748563-40DE-47D7-860D-C40A4411521A}"
EndProject
Project("{9A19103F-16F7-4668-BE54-9A1E7A4F7556}") = "Ares.DataModel", "Ares.DataModel\Ares.DataModel.csproj", "{067CD71C-FC38-47ED-936D-E67D010CB290}"
EndProject
Project("{9A19103F-16F7-4668-BE54-9A1E7A4F7556}") = "Ares.Core.Grpc", "Ares.Core.Grpc\Ares.Core.Grpc.csproj", "{371137E9-3D96-402C-AFFD-30FBE4736EC7}"
EndProject
Project("{9A19103F-16F7-4668-BE54-9A1E7A4F7556}") = "Ares.Core", "Ares.Core\Ares.Core.csproj", "{72B2F0BC-7A26-4BFA-9C21-81486504C04E}"
EndProject
Project("{9A19103F-16F7-4668-BE54-9A1E7A4F7556}") = "Ares.DataModel.Grpc", "Ares.DataModel.Grpc\Ares.DataModel.Grpc.csproj", "{8A4A6E3A-2401-4F82-AD11-82153226AE4D}"
EndProject
Project("{9A19103F-16F7-4668-BE54-9A1E7A4F7556}") = "Ares.Core.Tests", "Ares.Core.Tests\Ares.Core.Tests.csproj", "{BD04D24E-79D5-4611-AEE9-CAFE6417FA5B}"
EndProject
Project("{9A19103F-16F7-4668-BE54-9A1E7A4F7556}") = "Ares.Device.Tests", "Ares.Device.Tests\Ares.Device.Tests.csproj", "{E83E2BD5-1C66-4FA2-A361-080CAF340204}"
EndProject
Global
	GlobalSection(SolutionConfigurationPlatforms) = preSolution
		Debug|Any CPU = Debug|Any CPU
		Release|Any CPU = Release|Any CPU
	EndGlobalSection
	GlobalSection(ProjectConfigurationPlatforms) = postSolution
		{7EEBF1E0-6127-4811-B65A-B6D0D1DF2AFE}.Debug|Any CPU.ActiveCfg = Debug|Any CPU
		{7EEBF1E0-6127-4811-B65A-B6D0D1DF2AFE}.Debug|Any CPU.Build.0 = Debug|Any CPU
		{7EEBF1E0-6127-4811-B65A-B6D0D1DF2AFE}.Release|Any CPU.ActiveCfg = Release|Any CPU
		{7EEBF1E0-6127-4811-B65A-B6D0D1DF2AFE}.Release|Any CPU.Build.0 = Release|Any CPU
		{EEA53524-EF87-43CE-A509-52CE8990DA43}.Debug|Any CPU.ActiveCfg = Debug|Any CPU
		{EEA53524-EF87-43CE-A509-52CE8990DA43}.Debug|Any CPU.Build.0 = Debug|Any CPU
		{EEA53524-EF87-43CE-A509-52CE8990DA43}.Release|Any CPU.ActiveCfg = Release|Any CPU
		{EEA53524-EF87-43CE-A509-52CE8990DA43}.Release|Any CPU.Build.0 = Release|Any CPU
		{ED748563-40DE-47D7-860D-C40A4411521A}.Debug|Any CPU.ActiveCfg = Debug|Any CPU
		{ED748563-40DE-47D7-860D-C40A4411521A}.Debug|Any CPU.Build.0 = Debug|Any CPU
		{ED748563-40DE-47D7-860D-C40A4411521A}.Release|Any CPU.ActiveCfg = Release|Any CPU
		{ED748563-40DE-47D7-860D-C40A4411521A}.Release|Any CPU.Build.0 = Release|Any CPU
		{067CD71C-FC38-47ED-936D-E67D010CB290}.Debug|Any CPU.ActiveCfg = Debug|Any CPU
		{067CD71C-FC38-47ED-936D-E67D010CB290}.Debug|Any CPU.Build.0 = Debug|Any CPU
		{067CD71C-FC38-47ED-936D-E67D010CB290}.Release|Any CPU.ActiveCfg = Release|Any CPU
		{067CD71C-FC38-47ED-936D-E67D010CB290}.Release|Any CPU.Build.0 = Release|Any CPU
		{371137E9-3D96-402C-AFFD-30FBE4736EC7}.Debug|Any CPU.ActiveCfg = Debug|Any CPU
		{371137E9-3D96-402C-AFFD-30FBE4736EC7}.Debug|Any CPU.Build.0 = Debug|Any CPU
		{371137E9-3D96-402C-AFFD-30FBE4736EC7}.Release|Any CPU.ActiveCfg = Release|Any CPU
		{371137E9-3D96-402C-AFFD-30FBE4736EC7}.Release|Any CPU.Build.0 = Release|Any CPU
		{72B2F0BC-7A26-4BFA-9C21-81486504C04E}.Debug|Any CPU.ActiveCfg = Debug|Any CPU
		{72B2F0BC-7A26-4BFA-9C21-81486504C04E}.Debug|Any CPU.Build.0 = Debug|Any CPU
		{72B2F0BC-7A26-4BFA-9C21-81486504C04E}.Release|Any CPU.ActiveCfg = Release|Any CPU
		{72B2F0BC-7A26-4BFA-9C21-81486504C04E}.Release|Any CPU.Build.0 = Release|Any CPU
		{8A4A6E3A-2401-4F82-AD11-82153226AE4D}.Debug|Any CPU.ActiveCfg = Debug|Any CPU
		{8A4A6E3A-2401-4F82-AD11-82153226AE4D}.Debug|Any CPU.Build.0 = Debug|Any CPU
		{8A4A6E3A-2401-4F82-AD11-82153226AE4D}.Release|Any CPU.ActiveCfg = Release|Any CPU
		{8A4A6E3A-2401-4F82-AD11-82153226AE4D}.Release|Any CPU.Build.0 = Release|Any CPU
		{BD04D24E-79D5-4611-AEE9-CAFE6417FA5B}.Debug|Any CPU.ActiveCfg = Debug|Any CPU
		{BD04D24E-79D5-4611-AEE9-CAFE6417FA5B}.Debug|Any CPU.Build.0 = Debug|Any CPU
		{BD04D24E-79D5-4611-AEE9-CAFE6417FA5B}.Release|Any CPU.ActiveCfg = Release|Any CPU
		{BD04D24E-79D5-4611-AEE9-CAFE6417FA5B}.Release|Any CPU.Build.0 = Release|Any CPU
		{E83E2BD5-1C66-4FA2-A361-080CAF340204}.Debug|Any CPU.ActiveCfg = Debug|Any CPU
		{E83E2BD5-1C66-4FA2-A361-080CAF340204}.Debug|Any CPU.Build.0 = Debug|Any CPU
		{E83E2BD5-1C66-4FA2-A361-080CAF340204}.Release|Any CPU.ActiveCfg = Release|Any CPU
		{E83E2BD5-1C66-4FA2-A361-080CAF340204}.Release|Any CPU.Build.0 = Release|Any CPU
	EndGlobalSection
	GlobalSection(SolutionProperties) = preSolution
		HideSolutionNode = FALSE
	EndGlobalSection
	GlobalSection(ExtensibilityGlobals) = postSolution
		SolutionGuid = {6C78A1A0-F1C1-47DE-981A-82EAE65F4FB2}
	EndGlobalSection
EndGlobal
