
Microsoft Visual Studio Solution File, Format Version 12.00
# Visual Studio Version 16
VisualStudioVersion = 16.0.31624.102
MinimumVisualStudioVersion = 10.0.40219.1
Project("{9A19103F-16F7-4668-BE54-9A1E7A4F7556}") = "AresLib", "AresLib.csproj", "{7EEBF1E0-6127-4811-B65A-B6D0D1DF2AFE}"
EndProject
Project("{FAE04EC0-301F-11D3-BF4B-00C04F79EFBC}") = "AresLibDebugging", "..\AresLibDebugging\AresLibDebugging.csproj", "{DAE107D8-FC8A-4FA8-BA5B-1A2789DDE64D}"
EndProject
Global
	GlobalSection(SolutionConfigurationPlatforms) = preSolution
		Debug|Any CPU = Debug|Any CPU
		Release|Any CPU = Release|Any CPU
	EndGlobalSection
	GlobalSection(ProjectConfigurationPlatforms) = postSolution
		{7EEBF1E0-6127-4811-B65A-B6D0D1DF2AFE}.Debug|Any CPU.ActiveCfg = Debug|Any CPU
		{7EEBF1E0-6127-4811-B65A-B6D0D1DF2AFE}.Debug|Any CPU.Build.0 = Debug|Any CPU
		{7EEBF1E0-6127-4811-B65A-B6D0D1DF2AFE}.Release|Any CPU.ActiveCfg = Release|Any CPU
		{7EEBF1E0-6127-4811-B65A-B6D0D1DF2AFE}.Release|Any CPU.Build.0 = Release|Any CPU
		{DAE107D8-FC8A-4FA8-BA5B-1A2789DDE64D}.Debug|Any CPU.ActiveCfg = Debug|Any CPU
		{DAE107D8-FC8A-4FA8-BA5B-1A2789DDE64D}.Debug|Any CPU.Build.0 = Debug|Any CPU
		{DAE107D8-FC8A-4FA8-BA5B-1A2789DDE64D}.Release|Any CPU.ActiveCfg = Release|Any CPU
		{DAE107D8-FC8A-4FA8-BA5B-1A2789DDE64D}.Release|Any CPU.Build.0 = Release|Any CPU
	EndGlobalSection
	GlobalSection(SolutionProperties) = preSolution
		HideSolutionNode = FALSE
	EndGlobalSection
	GlobalSection(ExtensibilityGlobals) = postSolution
		SolutionGuid = {6C78A1A0-F1C1-47DE-981A-82EAE65F4FB2}
	EndGlobalSection
EndGlobal
